
Microsoft Visual Studio Solution File, Format Version 12.00
# Visual Studio Version 17
VisualStudioVersion = 17.4.33122.133
MinimumVisualStudioVersion = 10.0.40219.1
Project("{9A19103F-16F7-4668-BE54-9A1E7A4F7556}") = "API", "src\API\API.csproj", "{FED3525F-AA4A-4883-ABC9-A0B67E475DE8}"
EndProject
Project("{E53339B2-1760-4266-BCC7-CA923CBCF16C}") = "docker-compose", "docker-compose\docker-compose.dcproj", "{7B7D98CD-C76C-4D81-A181-04D547C1290A}"
EndProject
Project("{2150E333-8FDC-42A3-9474-1A3956D46DE8}") = "src", "src", "{27E947A1-10E3-41AC-AB86-9D44693150AC}"
EndProject
Project("{2150E333-8FDC-42A3-9474-1A3956D46DE8}") = "tests", "tests", "{BE44CF67-9A52-4F40-9242-FB39A852B631}"
EndProject
Project("{9A19103F-16F7-4668-BE54-9A1E7A4F7556}") = "API.Tests", "tests\API.Tests\API.Tests.csproj", "{9E866D96-6D4C-4727-B4E2-78D181E84A3D}"
EndProject
Project("{9A19103F-16F7-4668-BE54-9A1E7A4F7556}") = "Application.Tests", "tests\Application.Tests\Application.Tests.csproj", "{146AD1BE-4035-400D-9ECA-7A5BF2DE5BD1}"
EndProject
Project("{9A19103F-16F7-4668-BE54-9A1E7A4F7556}") = "Domain.Tests", "tests\Domain.Tests\Domain.Tests.csproj", "{750AB282-4CFB-4CAC-8761-5CBBA704FA02}"
EndProject
Project("{9A19103F-16F7-4668-BE54-9A1E7A4F7556}") = "Infrastructure.Tests", "tests\Infrastructure.Tests\Infrastructure.Tests.csproj", "{5F4E9A9F-3591-498C-9402-B149857B250F}"
EndProject
Project("{FAE04EC0-301F-11D3-BF4B-00C04F79EFBC}") = "Domain", "src\Domain\Domain.csproj", "{AEB34FFF-B238-4610-9B78-B24409139694}"
EndProject
Project("{2150E333-8FDC-42A3-9474-1A3956D46DE8}") = "Core", "Core", "{90AA4B30-5300-4507-8988-2182D1EAECFD}"
EndProject
Project("{FAE04EC0-301F-11D3-BF4B-00C04F79EFBC}") = "Application", "src\Application\Application.csproj", "{0A29FAEE-D300-435F-B895-BC0ADBA91ED3}"
EndProject
Project("{2150E333-8FDC-42A3-9474-1A3956D46DE8}") = "Adapters", "Adapters", "{128BECD4-496F-4AF4-93C8-8125FC01AA67}"
EndProject
Project("{FAE04EC0-301F-11D3-BF4B-00C04F79EFBC}") = "Infrastructure", "src\Infrastructure\Infrastructure.csproj", "{E85DE470-3A21-4E28-A699-3BD94FCA3049}"
EndProject
Global
	GlobalSection(SolutionConfigurationPlatforms) = preSolution
		Debug|Any CPU = Debug|Any CPU
		Release|Any CPU = Release|Any CPU
	EndGlobalSection
	GlobalSection(ProjectConfigurationPlatforms) = postSolution
		{FED3525F-AA4A-4883-ABC9-A0B67E475DE8}.Debug|Any CPU.ActiveCfg = Debug|Any CPU
		{FED3525F-AA4A-4883-ABC9-A0B67E475DE8}.Debug|Any CPU.Build.0 = Debug|Any CPU
		{FED3525F-AA4A-4883-ABC9-A0B67E475DE8}.Release|Any CPU.ActiveCfg = Release|Any CPU
		{FED3525F-AA4A-4883-ABC9-A0B67E475DE8}.Release|Any CPU.Build.0 = Release|Any CPU
		{7B7D98CD-C76C-4D81-A181-04D547C1290A}.Debug|Any CPU.ActiveCfg = Debug|Any CPU
		{7B7D98CD-C76C-4D81-A181-04D547C1290A}.Debug|Any CPU.Build.0 = Debug|Any CPU
		{7B7D98CD-C76C-4D81-A181-04D547C1290A}.Release|Any CPU.ActiveCfg = Release|Any CPU
		{7B7D98CD-C76C-4D81-A181-04D547C1290A}.Release|Any CPU.Build.0 = Release|Any CPU
		{9E866D96-6D4C-4727-B4E2-78D181E84A3D}.Debug|Any CPU.ActiveCfg = Debug|Any CPU
		{9E866D96-6D4C-4727-B4E2-78D181E84A3D}.Debug|Any CPU.Build.0 = Debug|Any CPU
		{9E866D96-6D4C-4727-B4E2-78D181E84A3D}.Release|Any CPU.ActiveCfg = Release|Any CPU
		{9E866D96-6D4C-4727-B4E2-78D181E84A3D}.Release|Any CPU.Build.0 = Release|Any CPU
		{146AD1BE-4035-400D-9ECA-7A5BF2DE5BD1}.Debug|Any CPU.ActiveCfg = Debug|Any CPU
		{146AD1BE-4035-400D-9ECA-7A5BF2DE5BD1}.Debug|Any CPU.Build.0 = Debug|Any CPU
		{146AD1BE-4035-400D-9ECA-7A5BF2DE5BD1}.Release|Any CPU.ActiveCfg = Release|Any CPU
		{146AD1BE-4035-400D-9ECA-7A5BF2DE5BD1}.Release|Any CPU.Build.0 = Release|Any CPU
		{750AB282-4CFB-4CAC-8761-5CBBA704FA02}.Debug|Any CPU.ActiveCfg = Debug|Any CPU
		{750AB282-4CFB-4CAC-8761-5CBBA704FA02}.Debug|Any CPU.Build.0 = Debug|Any CPU
		{750AB282-4CFB-4CAC-8761-5CBBA704FA02}.Release|Any CPU.ActiveCfg = Release|Any CPU
		{750AB282-4CFB-4CAC-8761-5CBBA704FA02}.Release|Any CPU.Build.0 = Release|Any CPU
		{5F4E9A9F-3591-498C-9402-B149857B250F}.Debug|Any CPU.ActiveCfg = Debug|Any CPU
		{5F4E9A9F-3591-498C-9402-B149857B250F}.Debug|Any CPU.Build.0 = Debug|Any CPU
		{5F4E9A9F-3591-498C-9402-B149857B250F}.Release|Any CPU.ActiveCfg = Release|Any CPU
		{5F4E9A9F-3591-498C-9402-B149857B250F}.Release|Any CPU.Build.0 = Release|Any CPU
		{AEB34FFF-B238-4610-9B78-B24409139694}.Debug|Any CPU.ActiveCfg = Debug|Any CPU
		{AEB34FFF-B238-4610-9B78-B24409139694}.Debug|Any CPU.Build.0 = Debug|Any CPU
		{AEB34FFF-B238-4610-9B78-B24409139694}.Release|Any CPU.ActiveCfg = Release|Any CPU
		{AEB34FFF-B238-4610-9B78-B24409139694}.Release|Any CPU.Build.0 = Release|Any CPU
		{0A29FAEE-D300-435F-B895-BC0ADBA91ED3}.Debug|Any CPU.ActiveCfg = Debug|Any CPU
		{0A29FAEE-D300-435F-B895-BC0ADBA91ED3}.Debug|Any CPU.Build.0 = Debug|Any CPU
		{0A29FAEE-D300-435F-B895-BC0ADBA91ED3}.Release|Any CPU.ActiveCfg = Release|Any CPU
		{0A29FAEE-D300-435F-B895-BC0ADBA91ED3}.Release|Any CPU.Build.0 = Release|Any CPU
		{E85DE470-3A21-4E28-A699-3BD94FCA3049}.Debug|Any CPU.ActiveCfg = Debug|Any CPU
		{E85DE470-3A21-4E28-A699-3BD94FCA3049}.Debug|Any CPU.Build.0 = Debug|Any CPU
		{E85DE470-3A21-4E28-A699-3BD94FCA3049}.Release|Any CPU.ActiveCfg = Release|Any CPU
		{E85DE470-3A21-4E28-A699-3BD94FCA3049}.Release|Any CPU.Build.0 = Release|Any CPU
	EndGlobalSection
	GlobalSection(SolutionProperties) = preSolution
		HideSolutionNode = FALSE
	EndGlobalSection
	GlobalSection(NestedProjects) = preSolution
		{FED3525F-AA4A-4883-ABC9-A0B67E475DE8} = {128BECD4-496F-4AF4-93C8-8125FC01AA67}
		{9E866D96-6D4C-4727-B4E2-78D181E84A3D} = {BE44CF67-9A52-4F40-9242-FB39A852B631}
		{146AD1BE-4035-400D-9ECA-7A5BF2DE5BD1} = {BE44CF67-9A52-4F40-9242-FB39A852B631}
		{750AB282-4CFB-4CAC-8761-5CBBA704FA02} = {BE44CF67-9A52-4F40-9242-FB39A852B631}
		{5F4E9A9F-3591-498C-9402-B149857B250F} = {BE44CF67-9A52-4F40-9242-FB39A852B631}
		{AEB34FFF-B238-4610-9B78-B24409139694} = {90AA4B30-5300-4507-8988-2182D1EAECFD}
		{90AA4B30-5300-4507-8988-2182D1EAECFD} = {27E947A1-10E3-41AC-AB86-9D44693150AC}
		{0A29FAEE-D300-435F-B895-BC0ADBA91ED3} = {90AA4B30-5300-4507-8988-2182D1EAECFD}
		{128BECD4-496F-4AF4-93C8-8125FC01AA67} = {27E947A1-10E3-41AC-AB86-9D44693150AC}
		{E85DE470-3A21-4E28-A699-3BD94FCA3049} = {128BECD4-496F-4AF4-93C8-8125FC01AA67}
	EndGlobalSection
	GlobalSection(ExtensibilityGlobals) = postSolution
		SolutionGuid = {CBEC5475-E55B-4B9C-9F4C-9A0F92D5F868}
	EndGlobalSection
EndGlobal
